
Microsoft Visual Studio Solution File, Format Version 12.00
# Visual Studio Version 17
VisualStudioVersion = 17.10.35122.118
MinimumVisualStudioVersion = 10.0.40219.1
Project("{FAE04EC0-301F-11D3-BF4B-00C04F79EFBC}") = "Module01Activity02", "Module01Activity02.csproj", "{64CE0042-9B5C-42CD-A7C3-97B53DFC5CDD}"
EndProject
Global
	GlobalSection(SolutionConfigurationPlatforms) = preSolution
		Debug|Any CPU = Debug|Any CPU
		Release|Any CPU = Release|Any CPU
	EndGlobalSection
	GlobalSection(ProjectConfigurationPlatforms) = postSolution
		{64CE0042-9B5C-42CD-A7C3-97B53DFC5CDD}.Debug|Any CPU.ActiveCfg = Debug|Any CPU
		{64CE0042-9B5C-42CD-A7C3-97B53DFC5CDD}.Debug|Any CPU.Build.0 = Debug|Any CPU
		{64CE0042-9B5C-42CD-A7C3-97B53DFC5CDD}.Debug|Any CPU.Deploy.0 = Debug|Any CPU
		{64CE0042-9B5C-42CD-A7C3-97B53DFC5CDD}.Release|Any CPU.ActiveCfg = Release|Any CPU
		{64CE0042-9B5C-42CD-A7C3-97B53DFC5CDD}.Release|Any CPU.Build.0 = Release|Any CPU
		{64CE0042-9B5C-42CD-A7C3-97B53DFC5CDD}.Release|Any CPU.Deploy.0 = Release|Any CPU
	EndGlobalSection
	GlobalSection(SolutionProperties) = preSolution
		HideSolutionNode = FALSE
	EndGlobalSection
	GlobalSection(ExtensibilityGlobals) = postSolution
		SolutionGuid = {934623C5-A2DD-4DE2-906C-0D3F4D9052A6}
	EndGlobalSection
EndGlobal
